
Microsoft Visual Studio Solution File, Format Version 12.00
# Visual Studio 14
VisualStudioVersion = 14.0.25420.1
MinimumVisualStudioVersion = 10.0.40219.1
Project("{2150E333-8FDC-42A3-9474-1A3956D46DE8}") = "src", "src", "{DDA7B11D-295E-4C9B-B6AE-3736CACF684D}"
EndProject
Project("{2150E333-8FDC-42A3-9474-1A3956D46DE8}") = "Solution Items", "Solution Items", "{FFEA9350-7EA8-4F9F-8AAB-CAE63D5C0BD3}"
	ProjectSection(SolutionItems) = preProject
		global.json = global.json
	EndProjectSection
EndProject
Project("{8BB2217D-0F2D-49D1-97BC-3654ED321F3B}") = "HearthAnalytics.Model", "src\HearthAnalytics.Model\HearthAnalytics.Model.xproj", "{043AC252-5B7E-4FBD-B741-7FDF9B5FA99C}"
EndProject
Project("{8BB2217D-0F2D-49D1-97BC-3654ED321F3B}") = "HearthAnalytics.Repositories.EF", "src\HearthAnalytics.Repositories.EF\HearthAnalytics.Repositories.EF.xproj", "{AF80CBBD-F5CC-4BE2-9490-2F2CAA72E52F}"
EndProject
Project("{8BB2217D-0F2D-49D1-97BC-3654ED321F3B}") = "HearthAnalytics.Infrastructure", "src\HearthAnalytics.Infrastructure\HearthAnalytics.Infrastructure.xproj", "{5E0A1E0C-49E7-4813-BB22-D87857F36EE6}"
EndProject
Project("{8BB2217D-0F2D-49D1-97BC-3654ED321F3B}") = "HearthAnalytics.API", "src\HearthAnalytics.API\HearthAnalytics.API.xproj", "{1A0F100D-BF81-4B61-A5D5-A96186287F72}"
EndProject
Project("{8BB2217D-0F2D-49D1-97BC-3654ED321F3B}") = "HearthAnalytics.WebSpa", "src\HearthAnalytics.WebSpa\HearthAnalytics.WebSpa.xproj", "{AA0978C0-824E-4CE4-AAA4-0C3532141010}"
EndProject
Global
	GlobalSection(SolutionConfigurationPlatforms) = preSolution
		Debug|Any CPU = Debug|Any CPU
		Release|Any CPU = Release|Any CPU
	EndGlobalSection
	GlobalSection(ProjectConfigurationPlatforms) = postSolution
		{043AC252-5B7E-4FBD-B741-7FDF9B5FA99C}.Debug|Any CPU.ActiveCfg = Debug|Any CPU
		{043AC252-5B7E-4FBD-B741-7FDF9B5FA99C}.Debug|Any CPU.Build.0 = Debug|Any CPU
		{043AC252-5B7E-4FBD-B741-7FDF9B5FA99C}.Release|Any CPU.ActiveCfg = Release|Any CPU
		{043AC252-5B7E-4FBD-B741-7FDF9B5FA99C}.Release|Any CPU.Build.0 = Release|Any CPU
		{AF80CBBD-F5CC-4BE2-9490-2F2CAA72E52F}.Debug|Any CPU.ActiveCfg = Debug|Any CPU
		{AF80CBBD-F5CC-4BE2-9490-2F2CAA72E52F}.Debug|Any CPU.Build.0 = Debug|Any CPU
		{AF80CBBD-F5CC-4BE2-9490-2F2CAA72E52F}.Release|Any CPU.ActiveCfg = Release|Any CPU
		{AF80CBBD-F5CC-4BE2-9490-2F2CAA72E52F}.Release|Any CPU.Build.0 = Release|Any CPU
		{5E0A1E0C-49E7-4813-BB22-D87857F36EE6}.Debug|Any CPU.ActiveCfg = Debug|Any CPU
		{5E0A1E0C-49E7-4813-BB22-D87857F36EE6}.Debug|Any CPU.Build.0 = Debug|Any CPU
		{5E0A1E0C-49E7-4813-BB22-D87857F36EE6}.Release|Any CPU.ActiveCfg = Release|Any CPU
		{5E0A1E0C-49E7-4813-BB22-D87857F36EE6}.Release|Any CPU.Build.0 = Release|Any CPU
		{1A0F100D-BF81-4B61-A5D5-A96186287F72}.Debug|Any CPU.ActiveCfg = Debug|Any CPU
		{1A0F100D-BF81-4B61-A5D5-A96186287F72}.Debug|Any CPU.Build.0 = Debug|Any CPU
		{1A0F100D-BF81-4B61-A5D5-A96186287F72}.Release|Any CPU.ActiveCfg = Release|Any CPU
		{1A0F100D-BF81-4B61-A5D5-A96186287F72}.Release|Any CPU.Build.0 = Release|Any CPU
		{AA0978C0-824E-4CE4-AAA4-0C3532141010}.Debug|Any CPU.ActiveCfg = Debug|Any CPU
		{AA0978C0-824E-4CE4-AAA4-0C3532141010}.Debug|Any CPU.Build.0 = Debug|Any CPU
		{AA0978C0-824E-4CE4-AAA4-0C3532141010}.Release|Any CPU.ActiveCfg = Release|Any CPU
		{AA0978C0-824E-4CE4-AAA4-0C3532141010}.Release|Any CPU.Build.0 = Release|Any CPU
	EndGlobalSection
	GlobalSection(SolutionProperties) = preSolution
		HideSolutionNode = FALSE
	EndGlobalSection
	GlobalSection(NestedProjects) = preSolution
		{043AC252-5B7E-4FBD-B741-7FDF9B5FA99C} = {DDA7B11D-295E-4C9B-B6AE-3736CACF684D}
		{AF80CBBD-F5CC-4BE2-9490-2F2CAA72E52F} = {DDA7B11D-295E-4C9B-B6AE-3736CACF684D}
		{5E0A1E0C-49E7-4813-BB22-D87857F36EE6} = {DDA7B11D-295E-4C9B-B6AE-3736CACF684D}
		{1A0F100D-BF81-4B61-A5D5-A96186287F72} = {DDA7B11D-295E-4C9B-B6AE-3736CACF684D}
		{AA0978C0-824E-4CE4-AAA4-0C3532141010} = {DDA7B11D-295E-4C9B-B6AE-3736CACF684D}
	EndGlobalSection
EndGlobal
